
Microsoft Visual Studio Solution File, Format Version 12.00
# Visual Studio Version 16
VisualStudioVersion = 16.0.29728.190
MinimumVisualStudioVersion = 10.0.40219.1
Project("{FAE04EC0-301F-11D3-BF4B-00C04F79EFBC}") = "WinFormsUI", "WinFormsUI\WinFormsUI.csproj", "{CEB7B234-968A-46E1-8593-5960B04D5CAF}"
EndProject
Project("{9A19103F-16F7-4668-BE54-9A1E7A4F7556}") = "SiteScraper", "SiteScraper\SiteScraper.csproj", "{B727BA32-9E4C-4555-8645-33ED3BD25210}"
EndProject
Project("{FAE04EC0-301F-11D3-BF4B-00C04F79EFBC}") = "TamrielTradeCentreScraper", "TamrielTradeCentreScraper\TamrielTradeCentreScraper.csproj", "{7278CAE5-F731-45BC-BF45-C6FE064AF7CC}"
EndProject
Global
	GlobalSection(SolutionConfigurationPlatforms) = preSolution
		Debug|Any CPU = Debug|Any CPU
		Release|Any CPU = Release|Any CPU
	EndGlobalSection
	GlobalSection(ProjectConfigurationPlatforms) = postSolution
		{CEB7B234-968A-46E1-8593-5960B04D5CAF}.Debug|Any CPU.ActiveCfg = Debug|Any CPU
		{CEB7B234-968A-46E1-8593-5960B04D5CAF}.Debug|Any CPU.Build.0 = Debug|Any CPU
		{CEB7B234-968A-46E1-8593-5960B04D5CAF}.Release|Any CPU.ActiveCfg = Release|Any CPU
		{CEB7B234-968A-46E1-8593-5960B04D5CAF}.Release|Any CPU.Build.0 = Release|Any CPU
		{B727BA32-9E4C-4555-8645-33ED3BD25210}.Debug|Any CPU.ActiveCfg = Debug|Any CPU
		{B727BA32-9E4C-4555-8645-33ED3BD25210}.Debug|Any CPU.Build.0 = Debug|Any CPU
		{B727BA32-9E4C-4555-8645-33ED3BD25210}.Release|Any CPU.ActiveCfg = Release|Any CPU
		{B727BA32-9E4C-4555-8645-33ED3BD25210}.Release|Any CPU.Build.0 = Release|Any CPU
		{7278CAE5-F731-45BC-BF45-C6FE064AF7CC}.Debug|Any CPU.ActiveCfg = Debug|Any CPU
		{7278CAE5-F731-45BC-BF45-C6FE064AF7CC}.Debug|Any CPU.Build.0 = Debug|Any CPU
		{7278CAE5-F731-45BC-BF45-C6FE064AF7CC}.Release|Any CPU.ActiveCfg = Release|Any CPU
		{7278CAE5-F731-45BC-BF45-C6FE064AF7CC}.Release|Any CPU.Build.0 = Release|Any CPU
	EndGlobalSection
	GlobalSection(SolutionProperties) = preSolution
		HideSolutionNode = FALSE
	EndGlobalSection
	GlobalSection(ExtensibilityGlobals) = postSolution
		SolutionGuid = {E03DEDA0-B263-4BB7-A68A-D6E6EDEEC6DE}
	EndGlobalSection
EndGlobal
