
Microsoft Visual Studio Solution File, Format Version 12.00
# Visual Studio Version 16
VisualStudioVersion = 16.0.29728.190
MinimumVisualStudioVersion = 10.0.40219.1
Project("{FAE04EC0-301F-11D3-BF4B-00C04F79EFBC}") = "WinFormsUI", "WinFormsUI\WinFormsUI.csproj", "{CEB7B234-968A-46E1-8593-5960B04D5CAF}"
EndProject
Project("{FAE04EC0-301F-11D3-BF4B-00C04F79EFBC}") = "ConsoleUI", "ConsoleUI\ConsoleUI.csproj", "{37A71DF6-6F53-4E1B-BC27-1145CDE642A9}"
EndProject
Project("{FAE04EC0-301F-11D3-BF4B-00C04F79EFBC}") = "SiteScraper", "SiteScraper\SiteScraper.csproj", "{677902E2-AC4F-48BB-BE38-B19DD1E4BF36}"
EndProject
Project("{FAE04EC0-301F-11D3-BF4B-00C04F79EFBC}") = "TamrielTradeCentreScraper", "TamrielTradeCentreScraper\TamrielTradeCentreScraper.csproj", "{6BD0AE4C-64FF-4C7A-B7FE-69F922AC62E0}"
EndProject
Project("{FAE04EC0-301F-11D3-BF4B-00C04F79EFBC}") = "LibAlerts", "LibAlerts\LibAlerts.csproj", "{F9AFD7BE-04BE-4CB4-AF1F-42C50F06060C}"
EndProject
Global
	GlobalSection(SolutionConfigurationPlatforms) = preSolution
		Debug|Any CPU = Debug|Any CPU
		Debug|x64 = Debug|x64
		Release|Any CPU = Release|Any CPU
		Release|x64 = Release|x64
	EndGlobalSection
	GlobalSection(ProjectConfigurationPlatforms) = postSolution
		{CEB7B234-968A-46E1-8593-5960B04D5CAF}.Debug|Any CPU.ActiveCfg = Debug|Any CPU
		{CEB7B234-968A-46E1-8593-5960B04D5CAF}.Debug|Any CPU.Build.0 = Debug|Any CPU
		{CEB7B234-968A-46E1-8593-5960B04D5CAF}.Debug|x64.ActiveCfg = Debug|Any CPU
		{CEB7B234-968A-46E1-8593-5960B04D5CAF}.Debug|x64.Build.0 = Debug|Any CPU
		{CEB7B234-968A-46E1-8593-5960B04D5CAF}.Release|Any CPU.ActiveCfg = Release|Any CPU
		{CEB7B234-968A-46E1-8593-5960B04D5CAF}.Release|Any CPU.Build.0 = Release|Any CPU
		{CEB7B234-968A-46E1-8593-5960B04D5CAF}.Release|x64.ActiveCfg = Release|Any CPU
		{CEB7B234-968A-46E1-8593-5960B04D5CAF}.Release|x64.Build.0 = Release|Any CPU
		{37A71DF6-6F53-4E1B-BC27-1145CDE642A9}.Debug|Any CPU.ActiveCfg = Debug|Any CPU
		{37A71DF6-6F53-4E1B-BC27-1145CDE642A9}.Debug|Any CPU.Build.0 = Debug|Any CPU
		{37A71DF6-6F53-4E1B-BC27-1145CDE642A9}.Debug|x64.ActiveCfg = Debug|Any CPU
		{37A71DF6-6F53-4E1B-BC27-1145CDE642A9}.Debug|x64.Build.0 = Debug|Any CPU
		{37A71DF6-6F53-4E1B-BC27-1145CDE642A9}.Release|Any CPU.ActiveCfg = Release|Any CPU
		{37A71DF6-6F53-4E1B-BC27-1145CDE642A9}.Release|Any CPU.Build.0 = Release|Any CPU
		{37A71DF6-6F53-4E1B-BC27-1145CDE642A9}.Release|x64.ActiveCfg = Release|Any CPU
		{37A71DF6-6F53-4E1B-BC27-1145CDE642A9}.Release|x64.Build.0 = Release|Any CPU
		{677902E2-AC4F-48BB-BE38-B19DD1E4BF36}.Debug|Any CPU.ActiveCfg = Debug|Any CPU
		{677902E2-AC4F-48BB-BE38-B19DD1E4BF36}.Debug|Any CPU.Build.0 = Debug|Any CPU
		{677902E2-AC4F-48BB-BE38-B19DD1E4BF36}.Debug|x64.ActiveCfg = Debug|Any CPU
		{677902E2-AC4F-48BB-BE38-B19DD1E4BF36}.Debug|x64.Build.0 = Debug|Any CPU
		{677902E2-AC4F-48BB-BE38-B19DD1E4BF36}.Release|Any CPU.ActiveCfg = Release|Any CPU
		{677902E2-AC4F-48BB-BE38-B19DD1E4BF36}.Release|Any CPU.Build.0 = Release|Any CPU
		{677902E2-AC4F-48BB-BE38-B19DD1E4BF36}.Release|x64.ActiveCfg = Release|Any CPU
		{677902E2-AC4F-48BB-BE38-B19DD1E4BF36}.Release|x64.Build.0 = Release|Any CPU
		{6BD0AE4C-64FF-4C7A-B7FE-69F922AC62E0}.Debug|Any CPU.ActiveCfg = Debug|Any CPU
		{6BD0AE4C-64FF-4C7A-B7FE-69F922AC62E0}.Debug|Any CPU.Build.0 = Debug|Any CPU
		{6BD0AE4C-64FF-4C7A-B7FE-69F922AC62E0}.Debug|x64.ActiveCfg = Debug|Any CPU
		{6BD0AE4C-64FF-4C7A-B7FE-69F922AC62E0}.Debug|x64.Build.0 = Debug|Any CPU
		{6BD0AE4C-64FF-4C7A-B7FE-69F922AC62E0}.Release|Any CPU.ActiveCfg = Release|Any CPU
		{6BD0AE4C-64FF-4C7A-B7FE-69F922AC62E0}.Release|Any CPU.Build.0 = Release|Any CPU
		{6BD0AE4C-64FF-4C7A-B7FE-69F922AC62E0}.Release|x64.ActiveCfg = Release|Any CPU
		{6BD0AE4C-64FF-4C7A-B7FE-69F922AC62E0}.Release|x64.Build.0 = Release|Any CPU
		{F9AFD7BE-04BE-4CB4-AF1F-42C50F06060C}.Debug|Any CPU.ActiveCfg = Debug|Any CPU
		{F9AFD7BE-04BE-4CB4-AF1F-42C50F06060C}.Debug|Any CPU.Build.0 = Debug|Any CPU
		{F9AFD7BE-04BE-4CB4-AF1F-42C50F06060C}.Debug|x64.ActiveCfg = Debug|Any CPU
		{F9AFD7BE-04BE-4CB4-AF1F-42C50F06060C}.Debug|x64.Build.0 = Debug|Any CPU
		{F9AFD7BE-04BE-4CB4-AF1F-42C50F06060C}.Release|Any CPU.ActiveCfg = Release|Any CPU
		{F9AFD7BE-04BE-4CB4-AF1F-42C50F06060C}.Release|Any CPU.Build.0 = Release|Any CPU
		{F9AFD7BE-04BE-4CB4-AF1F-42C50F06060C}.Release|x64.ActiveCfg = Release|Any CPU
		{F9AFD7BE-04BE-4CB4-AF1F-42C50F06060C}.Release|x64.Build.0 = Release|Any CPU
	EndGlobalSection
	GlobalSection(SolutionProperties) = preSolution
		HideSolutionNode = FALSE
	EndGlobalSection
	GlobalSection(ExtensibilityGlobals) = postSolution
		SolutionGuid = {E03DEDA0-B263-4BB7-A68A-D6E6EDEEC6DE}
	EndGlobalSection
EndGlobal
